
Microsoft Visual Studio Solution File, Format Version 12.00
# Visual Studio 15
VisualStudioVersion = 15.0.26430.16
MinimumVisualStudioVersion = 10.0.40219.1
Project("{FAE04EC0-301F-11D3-BF4B-00C04F79EFBC}") = "Lab05Op", "Lab05Op\Lab05Op.csproj", "{8E12B73D-ED7C-409C-861E-7200FC5ACEF4}"
EndProject
Global
	GlobalSection(SolutionConfigurationPlatforms) = preSolution
		Ad-Hoc|iPhone = Ad-Hoc|iPhone
		Ad-Hoc|iPhoneSimulator = Ad-Hoc|iPhoneSimulator
		AppStore|iPhone = AppStore|iPhone
		AppStore|iPhoneSimulator = AppStore|iPhoneSimulator
		Debug|iPhone = Debug|iPhone
		Debug|iPhoneSimulator = Debug|iPhoneSimulator
		Release|iPhone = Release|iPhone
		Release|iPhoneSimulator = Release|iPhoneSimulator
	EndGlobalSection
	GlobalSection(ProjectConfigurationPlatforms) = postSolution
		{8E12B73D-ED7C-409C-861E-7200FC5ACEF4}.Ad-Hoc|iPhone.ActiveCfg = Ad-Hoc|iPhone
		{8E12B73D-ED7C-409C-861E-7200FC5ACEF4}.Ad-Hoc|iPhone.Build.0 = Ad-Hoc|iPhone
		{8E12B73D-ED7C-409C-861E-7200FC5ACEF4}.Ad-Hoc|iPhoneSimulator.ActiveCfg = Ad-Hoc|iPhoneSimulator
		{8E12B73D-ED7C-409C-861E-7200FC5ACEF4}.Ad-Hoc|iPhoneSimulator.Build.0 = Ad-Hoc|iPhoneSimulator
		{8E12B73D-ED7C-409C-861E-7200FC5ACEF4}.AppStore|iPhone.ActiveCfg = AppStore|iPhone
		{8E12B73D-ED7C-409C-861E-7200FC5ACEF4}.AppStore|iPhone.Build.0 = AppStore|iPhone
		{8E12B73D-ED7C-409C-861E-7200FC5ACEF4}.AppStore|iPhoneSimulator.ActiveCfg = AppStore|iPhoneSimulator
		{8E12B73D-ED7C-409C-861E-7200FC5ACEF4}.AppStore|iPhoneSimulator.Build.0 = AppStore|iPhoneSimulator
		{8E12B73D-ED7C-409C-861E-7200FC5ACEF4}.Debug|iPhone.ActiveCfg = Debug|iPhone
		{8E12B73D-ED7C-409C-861E-7200FC5ACEF4}.Debug|iPhone.Build.0 = Debug|iPhone
		{8E12B73D-ED7C-409C-861E-7200FC5ACEF4}.Debug|iPhoneSimulator.ActiveCfg = Debug|iPhoneSimulator
		{8E12B73D-ED7C-409C-861E-7200FC5ACEF4}.Debug|iPhoneSimulator.Build.0 = Debug|iPhoneSimulator
		{8E12B73D-ED7C-409C-861E-7200FC5ACEF4}.Release|iPhone.ActiveCfg = Release|iPhone
		{8E12B73D-ED7C-409C-861E-7200FC5ACEF4}.Release|iPhone.Build.0 = Release|iPhone
		{8E12B73D-ED7C-409C-861E-7200FC5ACEF4}.Release|iPhoneSimulator.ActiveCfg = Release|iPhoneSimulator
		{8E12B73D-ED7C-409C-861E-7200FC5ACEF4}.Release|iPhoneSimulator.Build.0 = Release|iPhoneSimulator
	EndGlobalSection
	GlobalSection(SolutionProperties) = preSolution
		HideSolutionNode = FALSE
	EndGlobalSection
EndGlobal
